
Microsoft Visual Studio Solution File, Format Version 12.00
# Visual Studio 15
VisualStudioVersion = 15.0.28307.421
MinimumVisualStudioVersion = 10.0.40219.1
Project("{FAE04EC0-301F-11D3-BF4B-00C04F79EFBC}") = "GunShotGame", "GunShotGame\GunShotGame.csproj", "{15CB9C76-2B1C-48AC-B1C8-606C2928760D}"
EndProject
Global
	GlobalSection(SolutionConfigurationPlatforms) = preSolution
		Debug|Any CPU = Debug|Any CPU
		Release|Any CPU = Release|Any CPU
	EndGlobalSection
	GlobalSection(ProjectConfigurationPlatforms) = postSolution
		{15CB9C76-2B1C-48AC-B1C8-606C2928760D}.Debug|Any CPU.ActiveCfg = Debug|Any CPU
		{15CB9C76-2B1C-48AC-B1C8-606C2928760D}.Debug|Any CPU.Build.0 = Debug|Any CPU
		{15CB9C76-2B1C-48AC-B1C8-606C2928760D}.Release|Any CPU.ActiveCfg = Release|Any CPU
		{15CB9C76-2B1C-48AC-B1C8-606C2928760D}.Release|Any CPU.Build.0 = Release|Any CPU
	EndGlobalSection
	GlobalSection(SolutionProperties) = preSolution
		HideSolutionNode = FALSE
	EndGlobalSection
	GlobalSection(ExtensibilityGlobals) = postSolution
		SolutionGuid = {1E542E7C-6255-4EAB-8AB3-9982024A51BB}
	EndGlobalSection
EndGlobal
